lockfileVersion: '6.0'

dependencies:
  '@effect/data':
    specifier: ^0.12.2
    version: 0.12.2
  '@effect/io':
    specifier: ^0.25.7
    version: 0.25.7
  dfx:
    specifier: ^0.37.0
    version: 0.37.0
  dotenv:
    specifier: ^16.0.3
    version: 16.0.3

devDependencies:
  '@types/node':
    specifier: ^18.16.1
    version: 18.16.1
  prettier:
    specifier: ^2.8.8
    version: 2.8.8
  typescript:
    specifier: ^5.0.4
    version: 5.0.4

packages:

  /@effect-http/client@0.22.0:
    resolution: {integrity: sha512-MWmMTTmfuh7A2KN+K7mlF90AS6b1XOzuNfRVLl9nKl13Lu5bvhgpkjLpD/5Jf+xDWKh5HtJjl0W0Zk6Ocpb3jA==}
    dependencies:
      '@effect/data': 0.12.2
      '@effect/io': 0.25.7
      '@effect/schema': 0.16.0
      '@effect/stream': 0.21.0
    dev: false

  /@effect/data@0.12.2:
    resolution: {integrity: sha512-bmWRTcsSRG1FlBswT+D8SxW6r3c4B3pKJrjYfitCD03tXHnup5gLHaWqbFgIjiyYITS+UsJRRjVrNxvyGG4ZNQ==}
    dev: false

  /@effect/io@0.25.7:
    resolution: {integrity: sha512-+aVOwsyBfFyDvHik8qEUyQY2AeOTG+GAZQmInwkFQvcWx4CokLqn6ysZD2rF9KlDUSYGEeYLtZPC7uQuq9F9Nw==}
    dependencies:
      '@effect/data': 0.12.2
    dev: false

  /@effect/schema@0.16.0:
    resolution: {integrity: sha512-KYf77SQRD6Z2KJ30XMc47KHbPGTYCQwjXNuGlELl/WjzJYJuvKSQBMTRUUuhrjSi+ROTm5sUwwfskLfXeO0GVA==}
    dependencies:
      '@effect/data': 0.12.2
      '@effect/io': 0.25.7
      fast-check: 3.8.1
    dev: false

  /@effect/stream@0.21.0:
    resolution: {integrity: sha512-39nkKJVUt41DDn08E4we9L/7YGHAZeDjyiAapFn1Grx2npR+CRra4gZqqJF3bwO/9b9Yipl1I8WD+6v/Hx2tfA==}
    dependencies:
      '@effect/data': 0.12.2
      '@effect/io': 0.25.7
    dev: false

  /@types/node@18.16.1:
    resolution: {integrity: sha512-DZxSZWXxFfOlx7k7Rv4LAyiMroaxa3Ly/7OOzZO8cBNho0YzAi4qlbrx8W27JGqG57IgR/6J7r+nOJWw6kcvZA==}
    dev: true

  /bufferutil@4.0.7:
    resolution: {integrity: sha512-kukuqc39WOHtdxtw4UScxF/WVnMFVSQVKhtx3AjZJzhd0RGZZldcrfSEbVsWWe6KNH253574cq5F+wpv0G9pJw==}
    engines: {node: '>=6.14.2'}
    requiresBuild: true
    dependencies:
      node-gyp-build: 4.6.0
    dev: false
    optional: true

  /dfx@0.37.0:
    resolution: {integrity: sha512-09N298GJdfV7t0NYjZ5Y4Nou38hYwKOsAIf6FfW6Y0CVemUvMoXuRwwRzcbr+sFlxHfdgR0tvSH5K/u0DhlyXQ==}
    dependencies:
      '@effect-http/client': 0.22.0
      '@effect/data': 0.12.2
      '@effect/io': 0.25.7
      '@effect/stream': 0.21.0
      tweetnacl: 1.0.3
    optionalDependencies:
      bufferutil: 4.0.7
      isomorphic-ws: 5.0.0(ws@8.13.0)
      utf-8-validate: 6.0.3
      ws: 8.13.0(bufferutil@4.0.7)(utf-8-validate@6.0.3)
    dev: false

  /dotenv@16.0.3:
    resolution: {integrity: sha512-7GO6HghkA5fYG9TYnNxi14/7K9f5occMlp3zXAuSxn7CKCxt9xbNWG7yF8hTCSUchlfWSe3uLmlPfigevRItzQ==}
    engines: {node: '>=12'}
    dev: false

  /fast-check@3.8.1:
    resolution: {integrity: sha512-WRll9CUIz6jWKgByFlHT2M/1BY3F7lewKl5BBIz5VHAy7B8y5iklK9rVm922kx+0x1hJqdkffuTs008xfIgytQ==}
    engines: {node: '>=8.0.0'}
    dependencies:
      pure-rand: 6.0.2
    dev: false

  /isomorphic-ws@5.0.0(ws@8.13.0):
    resolution: {integrity: sha512-muId7Zzn9ywDsyXgTIafTry2sV3nySZeUDe6YedVd1Hvuuep5AsIlqK+XefWpYTyJG5e503F2xIuT2lcU6rCSw==}
    requiresBuild: true
    peerDependencies:
      ws: '*'
    dependencies:
      ws: 8.13.0(bufferutil@4.0.7)(utf-8-validate@6.0.3)
    dev: false
    optional: true

  /node-gyp-build@4.6.0:
    resolution: {integrity: sha512-NTZVKn9IylLwUzaKjkas1e4u2DLNcV4rdYagA4PWdPwW87Bi7z+BznyKSRwS/761tV/lzCGXplWsiaMjLqP2zQ==}
    hasBin: true
    dev: false
    optional: true

  /prettier@2.8.8:
    resolution: {integrity: sha512-tdN8qQGvNjw4CHbY+XXk0JgCXn9QiF21a55rBe5LJAU+kDyC4WQn4+awm2Xfk2lQMk5fKup9XgzTZtGkjBdP9Q==}
    engines: {node: '>=10.13.0'}
    hasBin: true
    dev: true

  /pure-rand@6.0.2:
    resolution: {integrity: sha512-6Yg0ekpKICSjPswYOuC5sku/TSWaRYlA0qsXqJgM/d/4pLPHPuTxK7Nbf7jFKzAeedUhR8C7K9Uv63FBsSo8xQ==}
    dev: false

  /tweetnacl@1.0.3:
    resolution: {integrity: sha512-6rt+RN7aOi1nGMyC4Xa5DdYiukl2UWCbcJft7YhxReBGQD7OAM8Pbxw6YMo4r2diNEA8FEmu32YOn9rhaiE5yw==}
    dev: false

  /typescript@5.0.4:
    resolution: {integrity: sha512-cW9T5W9xY37cc+jfEnaUvX91foxtHkza3Nw3wkoF4sSlKn0MONdkdEndig/qPBWXNkmplh3NzayQzCiHM4/hqw==}
    engines: {node: '>=12.20'}
    hasBin: true
    dev: true

  /utf-8-validate@6.0.3:
    resolution: {integrity: sha512-uIuGf9TWQ/y+0Lp+KGZCMuJWc3N9BHA+l/UmHd/oUHwJJDeysyTRxNQVkbzsIWfGFbRe3OcgML/i0mvVRPOyDA==}
    engines: {node: '>=6.14.2'}
    requiresBuild: true
    dependencies:
      node-gyp-build: 4.6.0
    dev: false
    optional: true

  /ws@8.13.0(bufferutil@4.0.7)(utf-8-validate@6.0.3):
    resolution: {integrity: sha512-x9vcZYTrFPC7aSIbj7sRCYo7L/Xb8Iy+pW0ng0wt2vCJv7M9HOMy0UoN3rr+IFC7hb7vXoqS+P9ktyLLLhO+LA==}
    engines: {node: '>=10.0.0'}
    requiresBuild: true
    peerDependencies:
      bufferutil: ^4.0.1
      utf-8-validate: '>=5.0.2'
    peerDependenciesMeta:
      bufferutil:
        optional: true
      utf-8-validate:
        optional: true
    dependencies:
      bufferutil: 4.0.7
      utf-8-validate: 6.0.3
    dev: false
    optional: true
